
Microsoft Visual Studio Solution File, Format Version 12.00
# Visual Studio Version 16
VisualStudioVersion = 16.0.32901.82
MinimumVisualStudioVersion = 10.0.40219.1
Project("{FAE04EC0-301F-11D3-BF4B-00C04F79EFBC}") = "tshirt_cannon_robot", "tshirt_cannon_robot\tshirt_cannon_robot.csproj", "{C06F5BA2-334F-400E-8912-737802A0DA25}"
EndProject
Global
	GlobalSection(SolutionConfigurationPlatforms) = preSolution
		Debug|Any CPU = Debug|Any CPU
		Release|Any CPU = Release|Any CPU
	EndGlobalSection
	GlobalSection(ProjectConfigurationPlatforms) = postSolution
		{C06F5BA2-334F-400E-8912-737802A0DA25}.Debug|Any CPU.ActiveCfg = Debug|Any CPU
		{C06F5BA2-334F-400E-8912-737802A0DA25}.Debug|Any CPU.Build.0 = Debug|Any CPU
		{C06F5BA2-334F-400E-8912-737802A0DA25}.Debug|Any CPU.Deploy.0 = Debug|Any CPU
		{C06F5BA2-334F-400E-8912-737802A0DA25}.Release|Any CPU.ActiveCfg = Release|Any CPU
		{C06F5BA2-334F-400E-8912-737802A0DA25}.Release|Any CPU.Build.0 = Release|Any CPU
		{C06F5BA2-334F-400E-8912-737802A0DA25}.Release|Any CPU.Deploy.0 = Release|Any CPU
	EndGlobalSection
	GlobalSection(SolutionProperties) = preSolution
		HideSolutionNode = FALSE
	EndGlobalSection
	GlobalSection(ExtensibilityGlobals) = postSolution
		SolutionGuid = {540AE692-A333-4B19-B69F-7E6EB0DE2833}
	EndGlobalSection
EndGlobal
